
Microsoft Visual Studio Solution File, Format Version 12.00
# Visual Studio 15
VisualStudioVersion = 15.0.26730.16
MinimumVisualStudioVersion = 10.0.40219.1
Project("{FAE04EC0-301F-11D3-BF4B-00C04F79EFBC}") = "HelloWorld", "HelloWorld\HelloWorld.csproj", "{5827B248-AE5C-4497-AF6D-148D4F0873C0}"
EndProject
Project("{FAE04EC0-301F-11D3-BF4B-00C04F79EFBC}") = "OszthatosagiFeladat", "OszthatosagiFeladat\OszthatosagiFeladat.csproj", "{D61DC5F2-F11A-4723-B721-324207522121}"
EndProject
Project("{FAE04EC0-301F-11D3-BF4B-00C04F79EFBC}") = "HomersekletVizsgalo", "HomersekletVizsgalo\HomersekletVizsgalo.csproj", "{04C4AE79-4C51-4496-BAFF-1EFF05285752}"
EndProject
Project("{FAE04EC0-301F-11D3-BF4B-00C04F79EFBC}") = "TestTomegIndexSz", "TestTomegIndexSz\TestTomegIndexSz.csproj", "{AA106F65-8E07-468D-98F6-C488B3B23FD0}"
EndProject
Project("{FAE04EC0-301F-11D3-BF4B-00C04F79EFBC}") = "VizHalmazallapotMero", "VizHalmazallapotMero\VizHalmazallapotMero.csproj", "{D6CEC827-E165-43A7-8AEA-02B27E588677}"
EndProject
Project("{FAE04EC0-301F-11D3-BF4B-00C04F79EFBC}") = "PontokTavolsaga", "PontokTavolsaga\PontokTavolsaga.csproj", "{7DE0C573-A0AC-4B5A-A050-F89B8BEF8E32}"
EndProject
Project("{FAE04EC0-301F-11D3-BF4B-00C04F79EFBC}") = "Osztalyzat", "Osztalyzat\Osztalyzat.csproj", "{77004AF9-A2A7-4A34-8055-87CCEFAC1AAD}"
EndProject
Project("{FAE04EC0-301F-11D3-BF4B-00C04F79EFBC}") = "AtlagSzamitas", "AtlagSzamitas\AtlagSzamitas.csproj", "{C5FC7041-F399-480B-9BC3-2763B483DF29}"
EndProject
Project("{FAE04EC0-301F-11D3-BF4B-00C04F79EFBC}") = "VeletlenSzamokatGeneraloProgram", "VeletlenSzamokatGeneraloProgram\VeletlenSzamokatGeneraloProgram.csproj", "{03F727D1-DF32-4045-AE38-5B1D2B6D3CEC}"
EndProject
Project("{FAE04EC0-301F-11D3-BF4B-00C04F79EFBC}") = "DinnyeCsomagoloFeladat", "DinnyeCsomagoloFeladat\DinnyeCsomagoloFeladat.csproj", "{CFAF6DFF-E93B-4E82-AD40-1CDCD4AD02A3}"
EndProject
Project("{FAE04EC0-301F-11D3-BF4B-00C04F79EFBC}") = "BurkolatMennyisegetKiszamitoFeladat", "BurkolatMennyisegetKiszamitoFeladat\BurkolatMennyisegetKiszamitoFeladat.csproj", "{7B7DE5F3-C9F5-4FCB-83E6-6C9BBE32F15B}"
EndProject
Global
	GlobalSection(SolutionConfigurationPlatforms) = preSolution
		Debug|Any CPU = Debug|Any CPU
		Release|Any CPU = Release|Any CPU
	EndGlobalSection
	GlobalSection(ProjectConfigurationPlatforms) = postSolution
		{5827B248-AE5C-4497-AF6D-148D4F0873C0}.Debug|Any CPU.ActiveCfg = Debug|Any CPU
		{5827B248-AE5C-4497-AF6D-148D4F0873C0}.Debug|Any CPU.Build.0 = Debug|Any CPU
		{5827B248-AE5C-4497-AF6D-148D4F0873C0}.Release|Any CPU.ActiveCfg = Release|Any CPU
		{5827B248-AE5C-4497-AF6D-148D4F0873C0}.Release|Any CPU.Build.0 = Release|Any CPU
		{D61DC5F2-F11A-4723-B721-324207522121}.Debug|Any CPU.ActiveCfg = Debug|Any CPU
		{D61DC5F2-F11A-4723-B721-324207522121}.Debug|Any CPU.Build.0 = Debug|Any CPU
		{D61DC5F2-F11A-4723-B721-324207522121}.Release|Any CPU.ActiveCfg = Release|Any CPU
		{D61DC5F2-F11A-4723-B721-324207522121}.Release|Any CPU.Build.0 = Release|Any CPU
		{04C4AE79-4C51-4496-BAFF-1EFF05285752}.Debug|Any CPU.ActiveCfg = Debug|Any CPU
		{04C4AE79-4C51-4496-BAFF-1EFF05285752}.Debug|Any CPU.Build.0 = Debug|Any CPU
		{04C4AE79-4C51-4496-BAFF-1EFF05285752}.Release|Any CPU.ActiveCfg = Release|Any CPU
		{04C4AE79-4C51-4496-BAFF-1EFF05285752}.Release|Any CPU.Build.0 = Release|Any CPU
		{AA106F65-8E07-468D-98F6-C488B3B23FD0}.Debug|Any CPU.ActiveCfg = Debug|Any CPU
		{AA106F65-8E07-468D-98F6-C488B3B23FD0}.Debug|Any CPU.Build.0 = Debug|Any CPU
		{AA106F65-8E07-468D-98F6-C488B3B23FD0}.Release|Any CPU.ActiveCfg = Release|Any CPU
		{AA106F65-8E07-468D-98F6-C488B3B23FD0}.Release|Any CPU.Build.0 = Release|Any CPU
		{D6CEC827-E165-43A7-8AEA-02B27E588677}.Debug|Any CPU.ActiveCfg = Debug|Any CPU
		{D6CEC827-E165-43A7-8AEA-02B27E588677}.Debug|Any CPU.Build.0 = Debug|Any CPU
		{D6CEC827-E165-43A7-8AEA-02B27E588677}.Release|Any CPU.ActiveCfg = Release|Any CPU
		{D6CEC827-E165-43A7-8AEA-02B27E588677}.Release|Any CPU.Build.0 = Release|Any CPU
		{7DE0C573-A0AC-4B5A-A050-F89B8BEF8E32}.Debug|Any CPU.ActiveCfg = Debug|Any CPU
		{7DE0C573-A0AC-4B5A-A050-F89B8BEF8E32}.Debug|Any CPU.Build.0 = Debug|Any CPU
		{7DE0C573-A0AC-4B5A-A050-F89B8BEF8E32}.Release|Any CPU.ActiveCfg = Release|Any CPU
		{7DE0C573-A0AC-4B5A-A050-F89B8BEF8E32}.Release|Any CPU.Build.0 = Release|Any CPU
		{77004AF9-A2A7-4A34-8055-87CCEFAC1AAD}.Debug|Any CPU.ActiveCfg = Debug|Any CPU
		{77004AF9-A2A7-4A34-8055-87CCEFAC1AAD}.Debug|Any CPU.Build.0 = Debug|Any CPU
		{77004AF9-A2A7-4A34-8055-87CCEFAC1AAD}.Release|Any CPU.ActiveCfg = Release|Any CPU
		{77004AF9-A2A7-4A34-8055-87CCEFAC1AAD}.Release|Any CPU.Build.0 = Release|Any CPU
		{C5FC7041-F399-480B-9BC3-2763B483DF29}.Debug|Any CPU.ActiveCfg = Debug|Any CPU
		{C5FC7041-F399-480B-9BC3-2763B483DF29}.Debug|Any CPU.Build.0 = Debug|Any CPU
		{C5FC7041-F399-480B-9BC3-2763B483DF29}.Release|Any CPU.ActiveCfg = Release|Any CPU
		{C5FC7041-F399-480B-9BC3-2763B483DF29}.Release|Any CPU.Build.0 = Release|Any CPU
		{03F727D1-DF32-4045-AE38-5B1D2B6D3CEC}.Debug|Any CPU.ActiveCfg = Debug|Any CPU
		{03F727D1-DF32-4045-AE38-5B1D2B6D3CEC}.Debug|Any CPU.Build.0 = Debug|Any CPU
		{03F727D1-DF32-4045-AE38-5B1D2B6D3CEC}.Release|Any CPU.ActiveCfg = Release|Any CPU
		{03F727D1-DF32-4045-AE38-5B1D2B6D3CEC}.Release|Any CPU.Build.0 = Release|Any CPU
		{CFAF6DFF-E93B-4E82-AD40-1CDCD4AD02A3}.Debug|Any CPU.ActiveCfg = Debug|Any CPU
		{CFAF6DFF-E93B-4E82-AD40-1CDCD4AD02A3}.Debug|Any CPU.Build.0 = Debug|Any CPU
		{CFAF6DFF-E93B-4E82-AD40-1CDCD4AD02A3}.Release|Any CPU.ActiveCfg = Release|Any CPU
		{CFAF6DFF-E93B-4E82-AD40-1CDCD4AD02A3}.Release|Any CPU.Build.0 = Release|Any CPU
		{7B7DE5F3-C9F5-4FCB-83E6-6C9BBE32F15B}.Debug|Any CPU.ActiveCfg = Debug|Any CPU
		{7B7DE5F3-C9F5-4FCB-83E6-6C9BBE32F15B}.Debug|Any CPU.Build.0 = Debug|Any CPU
		{7B7DE5F3-C9F5-4FCB-83E6-6C9BBE32F15B}.Release|Any CPU.ActiveCfg = Release|Any CPU
		{7B7DE5F3-C9F5-4FCB-83E6-6C9BBE32F15B}.Release|Any CPU.Build.0 = Release|Any CPU
	EndGlobalSection
	GlobalSection(SolutionProperties) = preSolution
		HideSolutionNode = FALSE
	EndGlobalSection
	GlobalSection(ExtensibilityGlobals) = postSolution
		SolutionGuid = {8A89F183-FD07-4981-879C-62C96AC6CD70}
	EndGlobalSection
EndGlobal
