
Microsoft Visual Studio Solution File, Format Version 12.00
# Visual Studio 15
VisualStudioVersion = 15.0.26730.16
MinimumVisualStudioVersion = 10.0.40219.1
Project("{FAE04EC0-301F-11D3-BF4B-00C04F79EFBC}") = "HelloWorld", "HelloWorld\HelloWorld.csproj", "{5827B248-AE5C-4497-AF6D-148D4F0873C0}"
EndProject
Global
	GlobalSection(SolutionConfigurationPlatforms) = preSolution
		Debug|Any CPU = Debug|Any CPU
		Release|Any CPU = Release|Any CPU
	EndGlobalSection
	GlobalSection(ProjectConfigurationPlatforms) = postSolution
		{5827B248-AE5C-4497-AF6D-148D4F0873C0}.Debug|Any CPU.ActiveCfg = Debug|Any CPU
		{5827B248-AE5C-4497-AF6D-148D4F0873C0}.Debug|Any CPU.Build.0 = Debug|Any CPU
		{5827B248-AE5C-4497-AF6D-148D4F0873C0}.Release|Any CPU.ActiveCfg = Release|Any CPU
		{5827B248-AE5C-4497-AF6D-148D4F0873C0}.Release|Any CPU.Build.0 = Release|Any CPU
	EndGlobalSection
	GlobalSection(SolutionProperties) = preSolution
		HideSolutionNode = FALSE
	EndGlobalSection
	GlobalSection(ExtensibilityGlobals) = postSolution
		SolutionGuid = {8A89F183-FD07-4981-879C-62C96AC6CD70}
	EndGlobalSection
EndGlobal
